// !$*UTF8*$!
{
	archiveVersion = 1;
	classes = {
	};
	objectVersion = 50;
	objects = {

/* Begin PBXBuildFile section */
		3F982CB4216C857500C22477 /* AppDelegate.swift in Sources */ = {isa = PBXBuildFile; fileRef = 3F982CB3216C857500C22477 /* AppDelegate.swift */; };
		3F982CB9216C857500C22477 /* Main.storyboard in Resources */ = {isa = PBXBuildFile; fileRef = 3F982CB7216C857500C22477 /* Main.storyboard */; };
		3F982CBB216C857A00C22477 /* Assets.xcassets in Resources */ = {isa = PBXBuildFile; fileRef = 3F982CBA216C857A00C22477 /* Assets.xcassets */; };
		3F982CBE216C857A00C22477 /* LaunchScreen.storyboard in Resources */ = {isa = PBXBuildFile; fileRef = 3F982CBC216C857A00C22477 /* LaunchScreen.storyboard */; };
		3F982CC6216C869F00C22477 /* Emoji.swift in Sources */ = {isa = PBXBuildFile; fileRef = 3F982CC5216C869F00C22477 /* Emoji.swift */; };
		3F982CC8216C89AE00C22477 /* EmojiTableViewController.swift in Sources */ = {isa = PBXBuildFile; fileRef = 3F982CC7216C89AE00C22477 /* EmojiTableViewController.swift */; };
		3F982CCC216CA3E800C22477 /* EmojiTableViewCell.swift in Sources */ = {isa = PBXBuildFile; fileRef = 3F982CCB216CA3E800C22477 /* EmojiTableViewCell.swift */; };
/* End PBXBuildFile section */

/* Begin PBXFileReference section */
		3F982CB0216C857400C22477 /* Table View.app */ = {isa = PBXFileReference; explicitFileType = wrapper.application; includeInIndex = 0; path = "Table View.app"; sourceTree = BUILT_PRODUCTS_DIR; };
		3F982CB3216C857500C22477 /* AppDelegate.swift */ = {isa = PBXFileReference; lastKnownFileType = sourcecode.swift; path = AppDelegate.swift; sourceTree = "<group>"; };
		3F982CB8216C857500C22477 /* Base */ = {isa = PBXFileReference; lastKnownFileType = file.storyboard; name = Base; path = Base.lproj/Main.storyboard; sourceTree = "<group>"; };
		3F982CBA216C857A00C22477 /* Assets.xcassets */ = {isa = PBXFileReference; lastKnownFileType = folder.assetcatalog; path = Assets.xcassets; sourceTree = "<group>"; };
		3F982CBD216C857A00C22477 /* Base */ = {isa = PBXFileReference; lastKnownFileType = file.storyboard; name = Base; path = Base.lproj/LaunchScreen.storyboard; sourceTree = "<group>"; };
		3F982CBF216C857A00C22477 /* Info.plist */ = {isa = PBXFileReference; lastKnownFileType = text.plist.xml; path = Info.plist; sourceTree = "<group>"; };
		3F982CC5216C869F00C22477 /* Emoji.swift */ = {isa = PBXFileReference; lastKnownFileType = sourcecode.swift; path = Emoji.swift; sourceTree = "<group>"; };
		3F982CC7216C89AE00C22477 /* EmojiTableViewController.swift */ = {isa = PBXFileReference; lastKnownFileType = sourcecode.swift; path = EmojiTableViewController.swift; sourceTree = "<group>"; };
		3F982CCB216CA3E800C22477 /* EmojiTableViewCell.swift */ = {isa = PBXFileReference; lastKnownFileType = sourcecode.swift; path = EmojiTableViewCell.swift; sourceTree = "<group>"; };
/* End PBXFileReference section */

/* Begin PBXFrameworksBuildPhase section */
		3F982CAD216C857400C22477 /* Frameworks */ = {
			isa = PBXFrameworksBuildPhase;
			buildActionMask = 2147483647;
			files = (
			);
			runOnlyForDeploymentPostprocessing = 0;
		};
/* End PBXFrameworksBuildPhase section */

/* Begin PBXGroup section */
		3F982CA7216C857400C22477 = {
			isa = PBXGroup;
			children = (
				3F982CB2216C857400C22477 /* Table View */,
				3F982CB1216C857400C22477 /* Products */,
			);
			sourceTree = "<group>";
		};
		3F982CB1216C857400C22477 /* Products */ = {
			isa = PBXGroup;
			children = (
				3F982CB0216C857400C22477 /* Table View.app */,
			);
			name = Products;
			sourceTree = "<group>";
		};
		3F982CB2216C857400C22477 /* Table View */ = {
			isa = PBXGroup;
			children = (
				3F982CB3216C857500C22477 /* AppDelegate.swift */,
				3F982CC5216C869F00C22477 /* Emoji.swift */,
				3F982CB7216C857500C22477 /* Main.storyboard */,
				3F982CCB216CA3E800C22477 /* EmojiTableViewCell.swift */,
				3F982CC7216C89AE00C22477 /* EmojiTableViewController.swift */,
				3F982CBA216C857A00C22477 /* Assets.xcassets */,
				3F982CBC216C857A00C22477 /* LaunchScreen.storyboard */,
				3F982CBF216C857A00C22477 /* Info.plist */,
			);
			path = "Table View";
			sourceTree = "<group>";
		};
/* End PBXGroup section */

/* Begin PBXNativeTarget section */
		3F982CAF216C857400C22477 /* Table View */ = {
			isa = PBXNativeTarget;
			buildConfigurationList = 3F982CC2216C857A00C22477 /* Build configuration list for PBXNativeTarget "Table View" */;
			buildPhases = (
				3F982CAC216C857400C22477 /* Sources */,
				3F982CAD216C857400C22477 /* Frameworks */,
				3F982CAE216C857400C22477 /* Resources */,
			);
			buildRules = (
			);
			dependencies = (
			);
			name = "Table View";
			productName = "Table View";
			productReference = 3F982CB0216C857400C22477 /* Table View.app */;
			productType = "com.apple.product-type.application";
		};
/* End PBXNativeTarget section */

/* Begin PBXProject section */
		3F982CA8216C857400C22477 /* Project object */ = {
			isa = PBXProject;
			attributes = {
				LastSwiftUpdateCheck = 0930;
				LastUpgradeCheck = 0930;
				ORGANIZATIONNAME = student;
				TargetAttributes = {
					3F982CAF216C857400C22477 = {
						CreatedOnToolsVersion = 9.3;
					};
				};
			};
			buildConfigurationList = 3F982CAB216C857400C22477 /* Build configuration list for PBXProject "Table View" */;
			compatibilityVersion = "Xcode 9.3";
			developmentRegion = en;
			hasScannedForEncodings = 0;
			knownRegions = (
				en,
				Base,
			);
			mainGroup = 3F982CA7216C857400C22477;
			productRefGroup = 3F982CB1216C857400C22477 /* Products */;
			projectDirPath = "";
			projectRoot = "";
			targets = (
				3F982CAF216C857400C22477 /* Table View */,
			);
		};
/* End PBXProject section */

/* Begin PBXResourcesBuildPhase section */
		3F982CAE216C857400C22477 /* Resources */ = {
			isa = PBXResourcesBuildPhase;
			buildActionMask = 2147483647;
			files = (
				3F982CBE216C857A00C22477 /* LaunchScreen.storyboard in Resources */,
				3F982CBB216C857A00C22477 /* Assets.xcassets in Resources */,
				3F982CB9216C857500C22477 /* Main.storyboard in Resources */,
			);
			runOnlyForDeploymentPostprocessing = 0;
		};
/* End PBXResourcesBuildPhase section */

/* Begin PBXSourcesBuildPhase section */
		3F982CAC216C857400C22477 /* Sources */ = {
			isa = PBXSourcesBuildPhase;
			buildActionMask = 2147483647;
			files = (
				3F982CC6216C869F00C22477 /* Emoji.swift in Sources */,
				3F982CC8216C89AE00C22477 /* EmojiTableViewController.swift in Sources */,
				3F982CCC216CA3E800C22477 /* EmojiTableViewCell.swift in Sources */,
				3F982CB4216C857500C22477 /* AppDelegate.swift in Sources */,
			);
			runOnlyForDeploymentPostprocessing = 0;
		};
/* End PBXSourcesBuildPhase section */

/* Begin PBXVariantGroup section */
		3F982CB7216C857500C22477 /* Main.storyboard */ = {
			isa = PBXVariantGroup;
			children = (
				3F982CB8216C857500C22477 /* Base */,
			);
			name = Main.storyboard;
			sourceTree = "<group>";
		};
		3F982CBC216C857A00C22477 /* LaunchScreen.storyboard */ = {
			isa = PBXVariantGroup;
			children = (
				3F982CBD216C857A00C22477 /* Base */,
			);
			name = LaunchScreen.storyboard;
			sourceTree = "<group>";
		};
/* End PBXVariantGroup section */

/* Begin XCBuildConfiguration section */
		3F982CC0216C857A00C22477 /* Debug */ = {
			isa = XCBuildConfiguration;
			buildSettings = {
				ALWAYS_SEARCH_USER_PATHS = NO;
				CLANG_ANALYZER_NONNULL = YES;
				CLANG_ANALYZER_NUMBER_OBJECT_CONVERSION = YES_AGGRESSIVE;
				CLANG_CXX_LANGUAGE_STANDARD = "gnu++14";
				CLANG_CXX_LIBRARY = "libc++";
				CLANG_ENABLE_MODULES = YES;
				CLANG_ENABLE_OBJC_ARC = YES;
				CLANG_ENABLE_OBJC_WEAK = YES;
				CLANG_WARN_BLOCK_CAPTURE_AUTORELEASING = YES;
				CLANG_WARN_BOOL_CONVERSION = YES;
				CLANG_WARN_COMMA = YES;
				CLANG_WARN_CONSTANT_CONVERSION = YES;
				CLANG_WARN_DEPRECATED_OBJC_IMPLEMENTATIONS = YES;
				CLANG_WARN_DIRECT_OBJC_ISA_USAGE = YES_ERROR;
				CLANG_WARN_DOCUMENTATION_COMMENTS = YES;
				CLANG_WARN_EMPTY_BODY = YES;
				CLANG_WARN_ENUM_CONVERSION = YES;
				CLANG_WARN_INFINITE_RECURSION = YES;
				CLANG_WARN_INT_CONVERSION = YES;
				CLANG_WARN_NON_LITERAL_NULL_CONVERSION = YES;
				CLANG_WARN_OBJC_IMPLICIT_RETAIN_SELF = YES;
				CLANG_WARN_OBJC_LITERAL_CONVERSION = YES;
				CLANG_WARN_OBJC_ROOT_CLASS = YES_ERROR;
				CLANG_WARN_RANGE_LOOP_ANALYSIS = YES;
				CLANG_WARN_STRICT_PROTOTYPES = YES;
				CLANG_WARN_SUSPICIOUS_MOVE = YES;
				CLANG_WARN_UNGUARDED_AVAILABILITY = YES_AGGRESSIVE;
				CLANG_WARN_UNREACHABLE_CODE = YES;
				CLANG_WARN__DUPLICATE_METHOD_MATCH = YES;
				CODE_SIGN_IDENTITY = "iPhone Developer";
				COPY_PHASE_STRIP = NO;
				DEBUG_INFORMATION_FORMAT = dwarf;
				ENABLE_STRICT_OBJC_MSGSEND = YES;
				ENABLE_TESTABILITY = YES;
				GCC_C_LANGUAGE_STANDARD = gnu11;
				GCC_DYNAMIC_NO_PIC = NO;
				GCC_NO_COMMON_BLOCKS = YES;
				GCC_OPTIMIZATION_LEVEL = 0;
				GCC_PREPROCESSOR_DEFINITIONS = (
					"DEBUG=1",
					"$(inherited)",
				);
				GCC_WARN_64_TO_32_BIT_CONVERSION = YES;
				GCC_WARN_ABOUT_RETURN_TYPE = YES_ERROR;
				GCC_WARN_UNDECLARED_SELECTOR = YES;
				GCC_WARN_UNINITIALIZED_AUTOS = YES_AGGRESSIVE;
				GCC_WARN_UNUSED_FUNCTION = YES;
				GCC_WARN_UNUSED_VARIABLE = YES;
				IPHONEOS_DEPLOYMENT_TARGET = 11.3;
				MTL_ENABLE_DEBUG_INFO = YES;
				ONLY_ACTIVE_ARCH = YES;
				SDKROOT = iphoneos;
				SWIFT_ACTIVE_COMPILATION_CONDITIONS = DEBUG;
				SWIFT_OPTIMIZATION_LEVEL = "-Onone";
			};
			name = Debug;
		};
		3F982CC1216C857A00C22477 /* Release */ = {
			isa = XCBuildConfiguration;
			buildSettings = {
				ALWAYS_SEARCH_USER_PATHS = NO;
				CLANG_ANALYZER_NONNULL = YES;
				CLANG_ANALYZER_NUMBER_OBJECT_CONVERSION = YES_AGGRESSIVE;
				CLANG_CXX_LANGUAGE_STANDARD = "gnu++14";
				CLANG_CXX_LIBRARY = "libc++";
				CLANG_ENABLE_MODULES = YES;
				CLANG_ENABLE_OBJC_ARC = YES;
				CLANG_ENABLE_OBJC_WEAK = YES;
				CLANG_WARN_BLOCK_CAPTURE_AUTORELEASING = YES;
				CLANG_WARN_BOOL_CONVERSION = YES;
				CLANG_WARN_COMMA = YES;
				CLANG_WARN_CONSTANT_CONVERSION = YES;
				CLANG_WARN_DEPRECATED_OBJC_IMPLEMENTATIONS = YES;
				CLANG_WARN_DIRECT_OBJC_ISA_USAGE = YES_ERROR;
				CLANG_WARN_DOCUMENTATION_COMMENTS = YES;
				CLANG_WARN_EMPTY_BODY = YES;
				CLANG_WARN_ENUM_CONVERSION = YES;
				CLANG_WARN_INFINITE_RECURSION = YES;
				CLANG_WARN_INT_CONVERSION = YES;
				CLANG_WARN_NON_LITERAL_NULL_CONVERSION = YES;
				CLANG_WARN_OBJC_IMPLICIT_RETAIN_SELF = YES;
				CLANG_WARN_OBJC_LITERAL_CONVERSION = YES;
				CLANG_WARN_OBJC_ROOT_CLASS = YES_ERROR;
				CLANG_WARN_RANGE_LOOP_ANALYSIS = YES;
				CLANG_WARN_STRICT_PROTOTYPES = YES;
				CLANG_WARN_SUSPICIOUS_MOVE = YES;
				CLANG_WARN_UNGUARDED_AVAILABILITY = YES_AGGRESSIVE;
				CLANG_WARN_UNREACHABLE_CODE = YES;
				CLANG_WARN__DUPLICATE_METHOD_MATCH = YES;
				CODE_SIGN_IDENTITY = "iPhone Developer";
				COPY_PHASE_STRIP = NO;
				DEBUG_INFORMATION_FORMAT = "dwarf-with-dsym";
				ENABLE_NS_ASSERTIONS = NO;
				ENABLE_STRICT_OBJC_MSGSEND = YES;
				GCC_C_LANGUAGE_STANDARD = gnu11;
				GCC_NO_COMMON_BLOCKS = YES;
				GCC_WARN_64_TO_32_BIT_CONVERSION = YES;
				GCC_WARN_ABOUT_RETURN_TYPE = YES_ERROR;
				GCC_WARN_UNDECLARED_SELECTOR = YES;
				GCC_WARN_UNINITIALIZED_AUTOS = YES_AGGRESSIVE;
				GCC_WARN_UNUSED_FUNCTION = YES;
				GCC_WARN_UNUSED_VARIABLE = YES;
				IPHONEOS_DEPLOYMENT_TARGET = 11.3;
				MTL_ENABLE_DEBUG_INFO = NO;
				SDKROOT = iphoneos;
				SWIFT_COMPILATION_MODE = wholemodule;
				SWIFT_OPTIMIZATION_LEVEL = "-O";
				VALIDATE_PRODUCT = YES;
			};
			name = Release;
		};
		3F982CC3216C857A00C22477 /* Debug */ = {
			isa = XCBuildConfiguration;
			buildSettings = {
				ASSETCATALOG_COMPILER_APPICON_NAME = AppIcon;
				CODE_SIGN_STYLE = Automatic;
				INFOPLIST_FILE = "Table View/Info.plist";
				LD_RUNPATH_SEARCH_PATHS = (
					"$(inherited)",
					"@executable_path/Frameworks",
				);
				PRODUCT_BUNDLE_IDENTIFIER = "com.exemple.Table-View";
				PRODUCT_NAME = "$(TARGET_NAME)";
				SWIFT_VERSION = 4.0;
				TARGETED_DEVICE_FAMILY = "1,2";
			};
			name = Debug;
		};
		3F982CC4216C857A00C22477 /* Release */ = {
			isa = XCBuildConfiguration;
			buildSettings = {
				ASSETCATALOG_COMPILER_APPICON_NAME = AppIcon;
				CODE_SIGN_STYLE = Automatic;
				INFOPLIST_FILE = "Table View/Info.plist";
				LD_RUNPATH_SEARCH_PATHS = (
					"$(inherited)",
					"@executable_path/Frameworks",
				);
				PRODUCT_BUNDLE_IDENTIFIER = "com.exemple.Table-View";
				PRODUCT_NAME = "$(TARGET_NAME)";
				SWIFT_VERSION = 4.0;
				TARGETED_DEVICE_FAMILY = "1,2";
			};
			name = Release;
		};
/* End XCBuildConfiguration section */

/* Begin XCConfigurationList section */
		3F982CAB216C857400C22477 /* Build configuration list for PBXProject "Table View" */ = {
			isa = XCConfigurationList;
			buildConfigurations = (
				3F982CC0216C857A00C22477 /* Debug */,
				3F982CC1216C857A00C22477 /* Release */,
			);
			defaultConfigurationIsVisible = 0;
			defaultConfigurationName = Release;
		};
		3F982CC2216C857A00C22477 /* Build configuration list for PBXNativeTarget "Table View" */ = {
			isa = XCConfigurationList;
			buildConfigurations = (
				3F982CC3216C857A00C22477 /* Debug */,
				3F982CC4216C857A00C22477 /* Release */,
			);
			defaultConfigurationIsVisible = 0;
			defaultConfigurationName = Release;
		};
/* End XCConfigurationList section */
	};
	rootObject = 3F982CA8216C857400C22477 /* Project object */;
}
